// !$*UTF8*$!
{
	archiveVersion = 1;
	classes = {
	};
	objectVersion = 50;
	objects = {

/* Begin PBXBuildFile section */
		F376542C24CDD0AC00ECF6FB /* AppDelegate.swift in Sources */ = {isa = PBXBuildFile; fileRef = F376542B24CDD0AC00ECF6FB /* AppDelegate.swift */; };
		F376543024CDD0AC00ECF6FB /* ViewController.swift in Sources */ = {isa = PBXBuildFile; fileRef = F376542F24CDD0AC00ECF6FB /* ViewController.swift */; };
		F376543324CDD0AC00ECF6FB /* Main.storyboard in Resources */ = {isa = PBXBuildFile; fileRef = F376543124CDD0AC00ECF6FB /* Main.storyboard */; };
		F376543524CDD0AD00ECF6FB /* Assets.xcassets in Resources */ = {isa = PBXBuildFile; fileRef = F376543424CDD0AD00ECF6FB /* Assets.xcassets */; };
		F376543824CDD0AD00ECF6FB /* LaunchScreen.storyboard in Resources */ = {isa = PBXBuildFile; fileRef = F376543624CDD0AD00ECF6FB /* LaunchScreen.storyboard */; };
		F376544F24CDDDE200ECF6FB /* Turbolinks.framework in Frameworks */ = {isa = PBXBuildFile; fileRef = F376544524CDD24A00ECF6FB /* Turbolinks.framework */; };
		F376545024CDDDE200ECF6FB /* Turbolinks.framework in Embed Frameworks */ = {isa = PBXBuildFile; fileRef = F376544524CDD24A00ECF6FB /* Turbolinks.framework */; settings = {ATTRIBUTES = (CodeSignOnCopy, RemoveHeadersOnCopy, ); }; };
		F38387D424CE552900D64266 /* Settings.bundle in Resources */ = {isa = PBXBuildFile; fileRef = F38387D324CE552900D64266 /* Settings.bundle */; };
/* End PBXBuildFile section */

/* Begin PBXContainerItemProxy section */
		F376544424CDD24A00ECF6FB /* PBXContainerItemProxy */ = {
			isa = PBXContainerItemProxy;
			containerPortal = F376543F24CDD24A00ECF6FB /* Turbolinks.xcodeproj */;
			proxyType = 2;
			remoteGlobalIDString = 1FC167EF1B55A14900AA6F43;
			remoteInfo = Turbolinks;
		};
		F376544624CDD24A00ECF6FB /* PBXContainerItemProxy */ = {
			isa = PBXContainerItemProxy;
			containerPortal = F376543F24CDD24A00ECF6FB /* Turbolinks.xcodeproj */;
			proxyType = 2;
			remoteGlobalIDString = 92DF45071C80F7970064E606;
			remoteInfo = Tests;
		};
/* End PBXContainerItemProxy section */

/* Begin PBXCopyFilesBuildPhase section */
		F376545124CDDDE200ECF6FB /* Embed Frameworks */ = {
			isa = PBXCopyFilesBuildPhase;
			buildActionMask = 2147483647;
			dstPath = "";
			dstSubfolderSpec = 10;
			files = (
				F376545024CDDDE200ECF6FB /* Turbolinks.framework in Embed Frameworks */,
			);
			name = "Embed Frameworks";
			runOnlyForDeploymentPostprocessing = 0;
		};
/* End PBXCopyFilesBuildPhase section */

/* Begin PBXFileReference section */
		F376542824CDD0AC00ECF6FB /* ios_alpha.app */ = {isa = PBXFileReference; explicitFileType = wrapper.application; includeInIndex = 0; path = ios_alpha.app; sourceTree = BUILT_PRODUCTS_DIR; };
		F376542B24CDD0AC00ECF6FB /* AppDelegate.swift */ = {isa = PBXFileReference; lastKnownFileType = sourcecode.swift; path = AppDelegate.swift; sourceTree = "<group>"; };
		F376542F24CDD0AC00ECF6FB /* ViewController.swift */ = {isa = PBXFileReference; lastKnownFileType = sourcecode.swift; path = ViewController.swift; sourceTree = "<group>"; };
		F376543224CDD0AC00ECF6FB /* Base */ = {isa = PBXFileReference; lastKnownFileType = file.storyboard; name = Base; path = Base.lproj/Main.storyboard; sourceTree = "<group>"; };
		F376543424CDD0AD00ECF6FB /* Assets.xcassets */ = {isa = PBXFileReference; lastKnownFileType = folder.assetcatalog; path = Assets.xcassets; sourceTree = "<group>"; };
		F376543724CDD0AD00ECF6FB /* Base */ = {isa = PBXFileReference; lastKnownFileType = file.storyboard; name = Base; path = Base.lproj/LaunchScreen.storyboard; sourceTree = "<group>"; };
		F376543924CDD0AD00ECF6FB /* Info.plist */ = {isa = PBXFileReference; lastKnownFileType = text.plist.xml; path = Info.plist; sourceTree = "<group>"; };
		F376543F24CDD24A00ECF6FB /* Turbolinks.xcodeproj */ = {isa = PBXFileReference; lastKnownFileType = "wrapper.pb-project"; path = Turbolinks.xcodeproj; sourceTree = "<group>"; };
		F38387D324CE552900D64266 /* Settings.bundle */ = {isa = PBXFileReference; lastKnownFileType = "wrapper.plug-in"; path = Settings.bundle; sourceTree = "<group>"; };
/* End PBXFileReference section */

/* Begin PBXFrameworksBuildPhase section */
		F376542524CDD0AC00ECF6FB /* Frameworks */ = {
			isa = PBXFrameworksBuildPhase;
			buildActionMask = 2147483647;
			files = (
				F376544F24CDDDE200ECF6FB /* Turbolinks.framework in Frameworks */,
			);
			runOnlyForDeploymentPostprocessing = 0;
		};
/* End PBXFrameworksBuildPhase section */

/* Begin PBXGroup section */
		F376541F24CDD0AC00ECF6FB = {
			isa = PBXGroup;
			children = (
				F376542A24CDD0AC00ECF6FB /* ios_alpha */,
				F376542924CDD0AC00ECF6FB /* Products */,
				F376543F24CDD24A00ECF6FB /* Turbolinks.xcodeproj */,
			);
			sourceTree = "<group>";
		};
		F376542924CDD0AC00ECF6FB /* Products */ = {
			isa = PBXGroup;
			children = (
				F376542824CDD0AC00ECF6FB /* ios_alpha.app */,
			);
			name = Products;
			sourceTree = "<group>";
		};
		F376542A24CDD0AC00ECF6FB /* ios_alpha */ = {
			isa = PBXGroup;
			children = (
				F376542B24CDD0AC00ECF6FB /* AppDelegate.swift */,
				F38387D324CE552900D64266 /* Settings.bundle */,
				F376542F24CDD0AC00ECF6FB /* ViewController.swift */,
				F376543124CDD0AC00ECF6FB /* Main.storyboard */,
				F376543424CDD0AD00ECF6FB /* Assets.xcassets */,
				F376543624CDD0AD00ECF6FB /* LaunchScreen.storyboard */,
				F376543924CDD0AD00ECF6FB /* Info.plist */,
			);
			path = ios_alpha;
			sourceTree = "<group>";
		};
		F376544024CDD24A00ECF6FB /* Products */ = {
			isa = PBXGroup;
			children = (
				F376544524CDD24A00ECF6FB /* Turbolinks.framework */,
				F376544724CDD24A00ECF6FB /* Tests.xctest */,
			);
			name = Products;
			sourceTree = "<group>";
		};
/* End PBXGroup section */

/* Begin PBXNativeTarget section */
		F376542724CDD0AC00ECF6FB /* ios_alpha */ = {
			isa = PBXNativeTarget;
			buildConfigurationList = F376543C24CDD0AD00ECF6FB /* Build configuration list for PBXNativeTarget "ios_alpha" */;
			buildPhases = (
				F376542424CDD0AC00ECF6FB /* Sources */,
				F376542524CDD0AC00ECF6FB /* Frameworks */,
				F376542624CDD0AC00ECF6FB /* Resources */,
				F376545124CDDDE200ECF6FB /* Embed Frameworks */,
			);
			buildRules = (
			);
			dependencies = (
			);
			name = ios_alpha;
			productName = ios_alpha;
			productReference = F376542824CDD0AC00ECF6FB /* ios_alpha.app */;
			productType = "com.apple.product-type.application";
		};
/* End PBXNativeTarget section */

/* Begin PBXProject section */
		F376542024CDD0AC00ECF6FB /* Project object */ = {
			isa = PBXProject;
			attributes = {
				LastSwiftUpdateCheck = 1160;
				LastUpgradeCheck = 1160;
				ORGANIZATIONNAME = bu2;
				TargetAttributes = {
					F376542724CDD0AC00ECF6FB = {
						CreatedOnToolsVersion = 11.6;
					};
				};
			};
			buildConfigurationList = F376542324CDD0AC00ECF6FB /* Build configuration list for PBXProject "ios_alpha" */;
			compatibilityVersion = "Xcode 9.3";
			developmentRegion = en;
			hasScannedForEncodings = 0;
			knownRegions = (
				en,
				Base,
			);
			mainGroup = F376541F24CDD0AC00ECF6FB;
			productRefGroup = F376542924CDD0AC00ECF6FB /* Products */;
			projectDirPath = "";
			projectReferences = (
				{
					ProductGroup = F376544024CDD24A00ECF6FB /* Products */;
					ProjectRef = F376543F24CDD24A00ECF6FB /* Turbolinks.xcodeproj */;
				},
			);
			projectRoot = "";
			targets = (
				F376542724CDD0AC00ECF6FB /* ios_alpha */,
			);
		};
/* End PBXProject section */

/* Begin PBXReferenceProxy section */
		F376544524CDD24A00ECF6FB /* Turbolinks.framework */ = {
			isa = PBXReferenceProxy;
			fileType = wrapper.framework;
			path = Turbolinks.framework;
			remoteRef = F376544424CDD24A00ECF6FB /* PBXContainerItemProxy */;
			sourceTree = BUILT_PRODUCTS_DIR;
		};
		F376544724CDD24A00ECF6FB /* Tests.xctest */ = {
			isa = PBXReferenceProxy;
			fileType = wrapper.cfbundle;
			path = Tests.xctest;
			remoteRef = F376544624CDD24A00ECF6FB /* PBXContainerItemProxy */;
			sourceTree = BUILT_PRODUCTS_DIR;
		};
/* End PBXReferenceProxy section */

/* Begin PBXResourcesBuildPhase section */
		F376542624CDD0AC00ECF6FB /* Resources */ = {
			isa = PBXResourcesBuildPhase;
			buildActionMask = 2147483647;
			files = (
				F38387D424CE552900D64266 /* Settings.bundle in Resources */,
				F376543824CDD0AD00ECF6FB /* LaunchScreen.storyboard in Resources */,
				F376543524CDD0AD00ECF6FB /* Assets.xcassets in Resources */,
				F376543324CDD0AC00ECF6FB /* Main.storyboard in Resources */,
			);
			runOnlyForDeploymentPostprocessing = 0;
		};
/* End PBXResourcesBuildPhase section */

/* Begin PBXSourcesBuildPhase section */
		F376542424CDD0AC00ECF6FB /* Sources */ = {
			isa = PBXSourcesBuildPhase;
			buildActionMask = 2147483647;
			files = (
				F376543024CDD0AC00ECF6FB /* ViewController.swift in Sources */,
				F376542C24CDD0AC00ECF6FB /* AppDelegate.swift in Sources */,
			);
			runOnlyForDeploymentPostprocessing = 0;
		};
/* End PBXSourcesBuildPhase section */

/* Begin PBXVariantGroup section */
		F376543124CDD0AC00ECF6FB /* Main.storyboard */ = {
			isa = PBXVariantGroup;
			children = (
				F376543224CDD0AC00ECF6FB /* Base */,
			);
			name = Main.storyboard;
			sourceTree = "<group>";
		};
		F376543624CDD0AD00ECF6FB /* LaunchScreen.storyboard */ = {
			isa = PBXVariantGroup;
			children = (
				F376543724CDD0AD00ECF6FB /* Base */,
			);
			name = LaunchScreen.storyboard;
			sourceTree = "<group>";
		};
/* End PBXVariantGroup section */

/* Begin XCBuildConfiguration section */
		F376543A24CDD0AD00ECF6FB /* Debug */ = {
			isa = XCBuildConfiguration;
			buildSettings = {
				ALWAYS_SEARCH_USER_PATHS = NO;
				CLANG_ANALYZER_NONNULL = YES;
				CLANG_ANALYZER_NUMBER_OBJECT_CONVERSION = YES_AGGRESSIVE;
				CLANG_CXX_LANGUAGE_STANDARD = "gnu++14";
				CLANG_CXX_LIBRARY = "libc++";
				CLANG_ENABLE_MODULES = YES;
				CLANG_ENABLE_OBJC_ARC = YES;
				CLANG_ENABLE_OBJC_WEAK = YES;
				CLANG_WARN_BLOCK_CAPTURE_AUTORELEASING = YES;
				CLANG_WARN_BOOL_CONVERSION = YES;
				CLANG_WARN_COMMA = YES;
				CLANG_WARN_CONSTANT_CONVERSION = YES;
				CLANG_WARN_DEPRECATED_OBJC_IMPLEMENTATIONS = YES;
				CLANG_WARN_DIRECT_OBJC_ISA_USAGE = YES_ERROR;
				CLANG_WARN_DOCUMENTATION_COMMENTS = YES;
				CLANG_WARN_EMPTY_BODY = YES;
				CLANG_WARN_ENUM_CONVERSION = YES;
				CLANG_WARN_INFINITE_RECURSION = YES;
				CLANG_WARN_INT_CONVERSION = YES;
				CLANG_WARN_NON_LITERAL_NULL_CONVERSION = YES;
				CLANG_WARN_OBJC_IMPLICIT_RETAIN_SELF = YES;
				CLANG_WARN_OBJC_LITERAL_CONVERSION = YES;
				CLANG_WARN_OBJC_ROOT_CLASS = YES_ERROR;
				CLANG_WARN_RANGE_LOOP_ANALYSIS = YES;
				CLANG_WARN_STRICT_PROTOTYPES = YES;
				CLANG_WARN_SUSPICIOUS_MOVE = YES;
				CLANG_WARN_UNGUARDED_AVAILABILITY = YES_AGGRESSIVE;
				CLANG_WARN_UNREACHABLE_CODE = YES;
				CLANG_WARN__DUPLICATE_METHOD_MATCH = YES;
				COPY_PHASE_STRIP = NO;
				DEBUG_INFORMATION_FORMAT = dwarf;
				ENABLE_STRICT_OBJC_MSGSEND = YES;
				ENABLE_TESTABILITY = YES;
				GCC_C_LANGUAGE_STANDARD = gnu11;
				GCC_DYNAMIC_NO_PIC = NO;
				GCC_NO_COMMON_BLOCKS = YES;
				GCC_OPTIMIZATION_LEVEL = 0;
				GCC_PREPROCESSOR_DEFINITIONS = (
					"DEBUG=1",
					"$(inherited)",
				);
				GCC_WARN_64_TO_32_BIT_CONVERSION = YES;
				GCC_WARN_ABOUT_RETURN_TYPE = YES_ERROR;
				GCC_WARN_UNDECLARED_SELECTOR = YES;
				GCC_WARN_UNINITIALIZED_AUTOS = YES_AGGRESSIVE;
				GCC_WARN_UNUSED_FUNCTION = YES;
				GCC_WARN_UNUSED_VARIABLE = YES;
				IPHONEOS_DEPLOYMENT_TARGET = 13.6;
				MTL_ENABLE_DEBUG_INFO = INCLUDE_SOURCE;
				MTL_FAST_MATH = YES;
				ONLY_ACTIVE_ARCH = YES;
				SDKROOT = iphoneos;
				SWIFT_ACTIVE_COMPILATION_CONDITIONS = DEBUG;
				SWIFT_OPTIMIZATION_LEVEL = "-Onone";
			};
			name = Debug;
		};
		F376543B24CDD0AD00ECF6FB /* Release */ = {
			isa = XCBuildConfiguration;
			buildSettings = {
				ALWAYS_SEARCH_USER_PATHS = NO;
				CLANG_ANALYZER_NONNULL = YES;
				CLANG_ANALYZER_NUMBER_OBJECT_CONVERSION = YES_AGGRESSIVE;
				CLANG_CXX_LANGUAGE_STANDARD = "gnu++14";
				CLANG_CXX_LIBRARY = "libc++";
				CLANG_ENABLE_MODULES = YES;
				CLANG_ENABLE_OBJC_ARC = YES;
				CLANG_ENABLE_OBJC_WEAK = YES;
				CLANG_WARN_BLOCK_CAPTURE_AUTORELEASING = YES;
				CLANG_WARN_BOOL_CONVERSION = YES;
				CLANG_WARN_COMMA = YES;
				CLANG_WARN_CONSTANT_CONVERSION = YES;
				CLANG_WARN_DEPRECATED_OBJC_IMPLEMENTATIONS = YES;
				CLANG_WARN_DIRECT_OBJC_ISA_USAGE = YES_ERROR;
				CLANG_WARN_DOCUMENTATION_COMMENTS = YES;
				CLANG_WARN_EMPTY_BODY = YES;
				CLANG_WARN_ENUM_CONVERSION = YES;
				CLANG_WARN_INFINITE_RECURSION = YES;
				CLANG_WARN_INT_CONVERSION = YES;
				CLANG_WARN_NON_LITERAL_NULL_CONVERSION = YES;
				CLANG_WARN_OBJC_IMPLICIT_RETAIN_SELF = YES;
				CLANG_WARN_OBJC_LITERAL_CONVERSION = YES;
				CLANG_WARN_OBJC_ROOT_CLASS = YES_ERROR;
				CLANG_WARN_RANGE_LOOP_ANALYSIS = YES;
				CLANG_WARN_STRICT_PROTOTYPES = YES;
				CLANG_WARN_SUSPICIOUS_MOVE = YES;
				CLANG_WARN_UNGUARDED_AVAILABILITY = YES_AGGRESSIVE;
				CLANG_WARN_UNREACHABLE_CODE = YES;
				CLANG_WARN__DUPLICATE_METHOD_MATCH = YES;
				COPY_PHASE_STRIP = NO;
				DEBUG_INFORMATION_FORMAT = "dwarf-with-dsym";
				ENABLE_NS_ASSERTIONS = NO;
				ENABLE_STRICT_OBJC_MSGSEND = YES;
				GCC_C_LANGUAGE_STANDARD = gnu11;
				GCC_NO_COMMON_BLOCKS = YES;
				GCC_WARN_64_TO_32_BIT_CONVERSION = YES;
				GCC_WARN_ABOUT_RETURN_TYPE = YES_ERROR;
				GCC_WARN_UNDECLARED_SELECTOR = YES;
				GCC_WARN_UNINITIALIZED_AUTOS = YES_AGGRESSIVE;
				GCC_WARN_UNUSED_FUNCTION = YES;
				GCC_WARN_UNUSED_VARIABLE = YES;
				IPHONEOS_DEPLOYMENT_TARGET = 13.6;
				MTL_ENABLE_DEBUG_INFO = NO;
				MTL_FAST_MATH = YES;
				SDKROOT = iphoneos;
				SWIFT_COMPILATION_MODE = wholemodule;
				SWIFT_OPTIMIZATION_LEVEL = "-O";
				VALIDATE_PRODUCT = YES;
			};
			name = Release;
		};
		F376543D24CDD0AD00ECF6FB /* Debug */ = {
			isa = XCBuildConfiguration;
			buildSettings = {
				ASSETCATALOG_COMPILER_APPICON_NAME = AppIcon;
				CODE_SIGN_STYLE = Automatic;
				DEVELOPMENT_TEAM = FZA9JCVQ6F;
				INFOPLIST_FILE = ios_alpha/Info.plist;
				IPHONEOS_DEPLOYMENT_TARGET = 9.0;
				LD_RUNPATH_SEARCH_PATHS = (
					"$(inherited)",
					"@executable_path/Frameworks",
				);
				PRODUCT_BUNDLE_IDENTIFIER = "bu2.cf.ios-alpha";
				PRODUCT_NAME = "$(TARGET_NAME)";
				SWIFT_VERSION = 5.0;
				TARGETED_DEVICE_FAMILY = 1;
			};
			name = Debug;
		};
		F376543E24CDD0AD00ECF6FB /* Release */ = {
			isa = XCBuildConfiguration;
			buildSettings = {
				ASSETCATALOG_COMPILER_APPICON_NAME = AppIcon;
				CODE_SIGN_STYLE = Automatic;
				DEVELOPMENT_TEAM = FZA9JCVQ6F;
				INFOPLIST_FILE = ios_alpha/Info.plist;
				IPHONEOS_DEPLOYMENT_TARGET = 9.0;
				LD_RUNPATH_SEARCH_PATHS = (
					"$(inherited)",
					"@executable_path/Frameworks",
				);
				PRODUCT_BUNDLE_IDENTIFIER = "bu2.cf.ios-alpha";
				PRODUCT_NAME = "$(TARGET_NAME)";
				SWIFT_VERSION = 5.0;
				TARGETED_DEVICE_FAMILY = 1;
			};
			name = Release;
		};
/* End XCBuildConfiguration section */

/* Begin XCConfigurationList section */
		F376542324CDD0AC00ECF6FB /* Build configuration list for PBXProject "ios_alpha" */ = {
			isa = XCConfigurationList;
			buildConfigurations = (
				F376543A24CDD0AD00ECF6FB /* Debug */,
				F376543B24CDD0AD00ECF6FB /* Release */,
			);
			defaultConfigurationIsVisible = 0;
			defaultConfigurationName = Release;
		};
		F376543C24CDD0AD00ECF6FB /* Build configuration list for PBXNativeTarget "ios_alpha" */ = {
			isa = XCConfigurationList;
			buildConfigurations = (
				F376543D24CDD0AD00ECF6FB /* Debug */,
				F376543E24CDD0AD00ECF6FB /* Release */,
			);
			defaultConfigurationIsVisible = 0;
			defaultConfigurationName = Release;
		};
/* End XCConfigurationList section */
	};
	rootObject = F376542024CDD0AC00ECF6FB /* Project object */;
}
